
Microsoft Visual Studio Solution File, Format Version 12.00
# Visual Studio Version 16
VisualStudioVersion = 16.0.31005.135
MinimumVisualStudioVersion = 10.0.40219.1
Project("{FAE04EC0-301F-11D3-BF4B-00C04F79EFBC}") = "EvedenceModelTest", "EvedenceModelTest\EvedenceModelTest.csproj", "{608EDBFF-102A-4CAB-9462-F82D0DBAF003}"
EndProject
Project("{FAE04EC0-301F-11D3-BF4B-00C04F79EFBC}") = "solution2", "solution2\solution2.csproj", "{19D91C62-4A5D-452B-BA46-1B019336964B}"
EndProject
Project("{FAE04EC0-301F-11D3-BF4B-00C04F79EFBC}") = "solution3", "solution3\solution3.csproj", "{AC87F6D1-8FE2-4DDE-A1FA-D76A9A986E9C}"
EndProject
Global
	GlobalSection(SolutionConfigurationPlatforms) = preSolution
		Debug|Any CPU = Debug|Any CPU
		Release|Any CPU = Release|Any CPU
	EndGlobalSection
	GlobalSection(ProjectConfigurationPlatforms) = postSolution
		{608EDBFF-102A-4CAB-9462-F82D0DBAF003}.Debug|Any CPU.ActiveCfg = Debug|Any CPU
		{608EDBFF-102A-4CAB-9462-F82D0DBAF003}.Debug|Any CPU.Build.0 = Debug|Any CPU
		{608EDBFF-102A-4CAB-9462-F82D0DBAF003}.Release|Any CPU.ActiveCfg = Release|Any CPU
		{608EDBFF-102A-4CAB-9462-F82D0DBAF003}.Release|Any CPU.Build.0 = Release|Any CPU
		{19D91C62-4A5D-452B-BA46-1B019336964B}.Debug|Any CPU.ActiveCfg = Debug|Any CPU
		{19D91C62-4A5D-452B-BA46-1B019336964B}.Debug|Any CPU.Build.0 = Debug|Any CPU
		{19D91C62-4A5D-452B-BA46-1B019336964B}.Release|Any CPU.ActiveCfg = Release|Any CPU
		{19D91C62-4A5D-452B-BA46-1B019336964B}.Release|Any CPU.Build.0 = Release|Any CPU
		{AC87F6D1-8FE2-4DDE-A1FA-D76A9A986E9C}.Debug|Any CPU.ActiveCfg = Debug|Any CPU
		{AC87F6D1-8FE2-4DDE-A1FA-D76A9A986E9C}.Debug|Any CPU.Build.0 = Debug|Any CPU
		{AC87F6D1-8FE2-4DDE-A1FA-D76A9A986E9C}.Release|Any CPU.ActiveCfg = Release|Any CPU
		{AC87F6D1-8FE2-4DDE-A1FA-D76A9A986E9C}.Release|Any CPU.Build.0 = Release|Any CPU
	EndGlobalSection
	GlobalSection(SolutionProperties) = preSolution
		HideSolutionNode = FALSE
	EndGlobalSection
	GlobalSection(ExtensibilityGlobals) = postSolution
		SolutionGuid = {948AFBE9-7017-46D1-AD42-3CEA0D465472}
	EndGlobalSection
EndGlobal
